
Microsoft Visual Studio Solution File, Format Version 12.00
Project("{2150E333-8FDC-42A3-9474-1A3956D46DE8}") = "Infrastructure", "Infrastructure", "{96FBA849-D9EC-4596-A648-2F882720C309}"
EndProject
Project("{2150E333-8FDC-42A3-9474-1A3956D46DE8}") = "Presentation", "Presentation", "{395A1D40-CEBA-4233-8936-2A58B2C7E44C}"
EndProject
Project("{2150E333-8FDC-42A3-9474-1A3956D46DE8}") = "tests", "tests", "{48144FC9-BAB7-4EC8-9E76-3F923D261037}"
EndProject
Project("{FAE04EC0-301F-11D3-BF4B-00C04F79EFBC}") = "Domain", "Domain\Domain.csproj", "{6C2DFCB4-9A54-4961-93F6-4BE559F303B7}"
EndProject
Project("{FAE04EC0-301F-11D3-BF4B-00C04F79EFBC}") = "Application", "Application\Application.csproj", "{8C5EFD8D-27D9-4972-A547-381AC10C8CEE}"
EndProject
Project("{FAE04EC0-301F-11D3-BF4B-00C04F79EFBC}") = "Persistence", "Persistence\Persistence.csproj", "{6CE14C4E-D4DF-45B9-924C-630F4A3D7611}"
EndProject
Project("{FAE04EC0-301F-11D3-BF4B-00C04F79EFBC}") = "WebApi", "WebApi\WebApi.csproj", "{8EAA1C72-B512-4059-916C-FF2A9D49C19D}"
EndProject
Project("{FAE04EC0-301F-11D3-BF4B-00C04F79EFBC}") = "SharedModels", "SharedModels\SharedModels.csproj", "{8BCB8C1E-DAB6-4788-B1D3-A3F700E23D25}"
EndProject
Project("{2150E333-8FDC-42A3-9474-1A3956D46DE8}") = "src", "src", "{1E98193F-F3EF-45EA-811A-E79308A7EA7A}"
EndProject
Project("{2150E333-8FDC-42A3-9474-1A3956D46DE8}") = "Application", "Application", "{775601A1-ADC8-4326-BA96-A2C648C56DA6}"
EndProject
Project("{2150E333-8FDC-42A3-9474-1A3956D46DE8}") = "Domain", "Domain", "{875E74F4-93B4-4F34-AC4F-B350CB8DFD0A}"
EndProject
Project("{2150E333-8FDC-42A3-9474-1A3956D46DE8}") = "Shared", "Shared", "{21A6425B-2FAF-46B4-85A3-7C6A614109EA}"
EndProject
Global
	GlobalSection(SolutionConfigurationPlatforms) = preSolution
		Debug|Any CPU = Debug|Any CPU
		Release|Any CPU = Release|Any CPU
	EndGlobalSection
	GlobalSection(NestedProjects) = preSolution
		{6CE14C4E-D4DF-45B9-924C-630F4A3D7611} = {96FBA849-D9EC-4596-A648-2F882720C309}
		{8EAA1C72-B512-4059-916C-FF2A9D49C19D} = {395A1D40-CEBA-4233-8936-2A58B2C7E44C}
		{775601A1-ADC8-4326-BA96-A2C648C56DA6} = {1E98193F-F3EF-45EA-811A-E79308A7EA7A}
		{8C5EFD8D-27D9-4972-A547-381AC10C8CEE} = {775601A1-ADC8-4326-BA96-A2C648C56DA6}
		{875E74F4-93B4-4F34-AC4F-B350CB8DFD0A} = {1E98193F-F3EF-45EA-811A-E79308A7EA7A}
		{6C2DFCB4-9A54-4961-93F6-4BE559F303B7} = {875E74F4-93B4-4F34-AC4F-B350CB8DFD0A}
		{21A6425B-2FAF-46B4-85A3-7C6A614109EA} = {1E98193F-F3EF-45EA-811A-E79308A7EA7A}
		{8BCB8C1E-DAB6-4788-B1D3-A3F700E23D25} = {21A6425B-2FAF-46B4-85A3-7C6A614109EA}
		{96FBA849-D9EC-4596-A648-2F882720C309} = {1E98193F-F3EF-45EA-811A-E79308A7EA7A}
		{395A1D40-CEBA-4233-8936-2A58B2C7E44C} = {1E98193F-F3EF-45EA-811A-E79308A7EA7A}
	EndGlobalSection
	GlobalSection(ProjectConfigurationPlatforms) = postSolution
		{6C2DFCB4-9A54-4961-93F6-4BE559F303B7}.Debug|Any CPU.ActiveCfg = Debug|Any CPU
		{6C2DFCB4-9A54-4961-93F6-4BE559F303B7}.Debug|Any CPU.Build.0 = Debug|Any CPU
		{6C2DFCB4-9A54-4961-93F6-4BE559F303B7}.Release|Any CPU.ActiveCfg = Release|Any CPU
		{6C2DFCB4-9A54-4961-93F6-4BE559F303B7}.Release|Any CPU.Build.0 = Release|Any CPU
		{8C5EFD8D-27D9-4972-A547-381AC10C8CEE}.Debug|Any CPU.ActiveCfg = Debug|Any CPU
		{8C5EFD8D-27D9-4972-A547-381AC10C8CEE}.Debug|Any CPU.Build.0 = Debug|Any CPU
		{8C5EFD8D-27D9-4972-A547-381AC10C8CEE}.Release|Any CPU.ActiveCfg = Release|Any CPU
		{8C5EFD8D-27D9-4972-A547-381AC10C8CEE}.Release|Any CPU.Build.0 = Release|Any CPU
		{6CE14C4E-D4DF-45B9-924C-630F4A3D7611}.Debug|Any CPU.ActiveCfg = Debug|Any CPU
		{6CE14C4E-D4DF-45B9-924C-630F4A3D7611}.Debug|Any CPU.Build.0 = Debug|Any CPU
		{6CE14C4E-D4DF-45B9-924C-630F4A3D7611}.Release|Any CPU.ActiveCfg = Release|Any CPU
		{6CE14C4E-D4DF-45B9-924C-630F4A3D7611}.Release|Any CPU.Build.0 = Release|Any CPU
		{8EAA1C72-B512-4059-916C-FF2A9D49C19D}.Debug|Any CPU.ActiveCfg = Debug|Any CPU
		{8EAA1C72-B512-4059-916C-FF2A9D49C19D}.Debug|Any CPU.Build.0 = Debug|Any CPU
		{8EAA1C72-B512-4059-916C-FF2A9D49C19D}.Release|Any CPU.ActiveCfg = Release|Any CPU
		{8EAA1C72-B512-4059-916C-FF2A9D49C19D}.Release|Any CPU.Build.0 = Release|Any CPU
		{8BCB8C1E-DAB6-4788-B1D3-A3F700E23D25}.Debug|Any CPU.ActiveCfg = Debug|Any CPU
		{8BCB8C1E-DAB6-4788-B1D3-A3F700E23D25}.Debug|Any CPU.Build.0 = Debug|Any CPU
		{8BCB8C1E-DAB6-4788-B1D3-A3F700E23D25}.Release|Any CPU.ActiveCfg = Release|Any CPU
		{8BCB8C1E-DAB6-4788-B1D3-A3F700E23D25}.Release|Any CPU.Build.0 = Release|Any CPU
	EndGlobalSection
EndGlobal
